
Microsoft Visual Studio Solution File, Format Version 12.00
# Visual Studio Version 17
VisualStudioVersion = 17.0.31903.59
MinimumVisualStudioVersion = 10.0.40219.1
Project("{FAE04EC0-301F-11D3-BF4B-00C04F79EFBC}") = "AgentFrameworkDemos.Console", "AgentFrameworkDemos.Console\AgentFrameworkDemos.Console.csproj", "{FF6C44C1-C601-4FB8-8460-AA3D8F2BB5BA}"
EndProject
Project("{2150E333-8FDC-42A3-9474-1A3956D46DE8}") = "samples", "samples", "{5D20AA90-6969-D8BD-9DCD-8634F4692FDA}"
EndProject
Project("{2150E333-8FDC-42A3-9474-1A3956D46DE8}") = "Agents", "Agents", "{E150F97D-CEF4-45EB-B897-2569FC7B3E8B}"
EndProject
Project("{2150E333-8FDC-42A3-9474-1A3956D46DE8}") = "Basic", "Basic", "{E7F01061-DA93-BD1C-C5F2-986EBC2FA107}"
EndProject
Project("{FAE04EC0-301F-11D3-BF4B-00C04F79EFBC}") = "AgentDemos.Agents.Basic", "samples\Agents\Basic\AgentDemos.Agents.Basic.csproj", "{73AD43F8-5325-45E3-888D-DA41C4948376}"
EndProject
Project("{2150E333-8FDC-42A3-9474-1A3956D46DE8}") = "Tools", "Tools", "{99A674ED-B709-129A-A4BB-924EB5525921}"
EndProject
Project("{FAE04EC0-301F-11D3-BF4B-00C04F79EFBC}") = "AgentDemos.Agents.Tools", "samples\Agents\Tools\AgentDemos.Agents.Tools.csproj", "{7BFA1243-5677-44E1-B93A-B7079C3CD11E}"
EndProject
Project("{2150E333-8FDC-42A3-9474-1A3956D46DE8}") = "MultiTurn", "MultiTurn", "{F9660B7A-26B1-A264-4F66-CA222174CD8E}"
EndProject
Project("{FAE04EC0-301F-11D3-BF4B-00C04F79EFBC}") = "AgentDemos.Agents.MultiTurn", "samples\Agents\MultiTurn\AgentDemos.Agents.MultiTurn.csproj", "{916FACFE-830F-4906-B989-9AF8726F9628}"
EndProject
Project("{2150E333-8FDC-42A3-9474-1A3956D46DE8}") = "Workflows", "Workflows", "{B9DAD010-7730-AF05-FFF2-7233D6904BD2}"
EndProject
Project("{2150E333-8FDC-42A3-9474-1A3956D46DE8}") = "Sequential", "Sequential", "{8AC1FD68-2F10-580A-06BE-26BA05B87C89}"
EndProject
Project("{FAE04EC0-301F-11D3-BF4B-00C04F79EFBC}") = "AgentDemos.Workflows.Sequential", "samples\Workflows\Sequential\AgentDemos.Workflows.Sequential.csproj", "{B86AD5C7-B142-4802-BF81-50C732849B39}"
EndProject
Project("{2150E333-8FDC-42A3-9474-1A3956D46DE8}") = "Telemetry", "Telemetry", "{C459FD03-9797-A83A-B83F-BFE06E974173}"
EndProject
Project("{2150E333-8FDC-42A3-9474-1A3956D46DE8}") = "Basic", "Basic", "{CA2071D7-B4BC-6493-6128-CACAFACF7D5B}"
EndProject
Project("{FAE04EC0-301F-11D3-BF4B-00C04F79EFBC}") = "AgentDemos.Telemetry.Basic", "samples\Telemetry\Basic\AgentDemos.Telemetry.Basic.csproj", "{3C764A7A-4052-4C7B-A11B-BFF63163BD10}"
EndProject
Project("{2150E333-8FDC-42A3-9474-1A3956D46DE8}") = "Persistence", "Persistence", "{FA9FE371-DC0E-AC2F-1DF1-8428B083E4DF}"
EndProject
Project("{FAE04EC0-301F-11D3-BF4B-00C04F79EFBC}") = "AgentDemos.Agents.Persistence", "samples\Agents\Persistence\AgentDemos.Agents.Persistence.csproj", "{5F4C2E35-4C3F-489A-881A-A55B07DD176C}"
EndProject
Project("{2150E333-8FDC-42A3-9474-1A3956D46DE8}") = "A2A", "A2A", "{0AF2689E-C335-9794-E5AE-BEF7CF49BB48}"
EndProject
Project("{FAE04EC0-301F-11D3-BF4B-00C04F79EFBC}") = "AgentDemos.Agents.A2A", "samples\Agents\A2A\AgentDemos.Agents.A2A.csproj", "{6781B005-0697-4AFD-9AC5-FADFFA65E5CB}"
EndProject
Project("{2150E333-8FDC-42A3-9474-1A3956D46DE8}") = "Integrations", "Integrations", "{BD84ECC9-462D-3A03-8A7A-3691278C32CD}"
EndProject
Project("{2150E333-8FDC-42A3-9474-1A3956D46DE8}") = "MCP", "MCP", "{71F14496-D67D-C305-A550-BDBDD5AF2F00}"
EndProject
Project("{2150E333-8FDC-42A3-9474-1A3956D46DE8}") = "Basic", "Basic", "{580B8445-3242-6103-839B-73066BC5285B}"
EndProject
Project("{FAE04EC0-301F-11D3-BF4B-00C04F79EFBC}") = "AgentDemos.Integrations.MCP.Basic", "samples\Integrations\MCP\Basic\AgentDemos.Integrations.MCP.Basic.csproj", "{68EA358C-B8C2-4F50-867C-C4233065589C}"
EndProject
Project("{2150E333-8FDC-42A3-9474-1A3956D46DE8}") = "Ollama", "Ollama", "{8D36CE69-9873-4C93-86AE-0E35748F26F2}"
EndProject
Project("{FAE04EC0-301F-11D3-BF4B-00C04F79EFBC}") = "AgentDemos.Integrations.Ollama", "samples\Integrations\Ollama\AgentDemos.Integrations.Ollama.csproj", "{BCE72F83-78A8-4E3F-873B-DF30F8C2E3F0}"
EndProject
Project("{2150E333-8FDC-42A3-9474-1A3956D46DE8}") = "Threads", "Threads", "{A65A7627-9189-5C96-F8E9-68D52441E9F7}"
EndProject
Project("{2150E333-8FDC-42A3-9474-1A3956D46DE8}") = "Branching", "Branching", "{1227B321-1418-BDAC-20B4-28FD6C3F8EE7}"
EndProject
Project("{FAE04EC0-301F-11D3-BF4B-00C04F79EFBC}") = "AgentDemos.Agents.Threads.Branching", "samples\Agents\Threads\Branching\AgentDemos.Agents.Threads.Branching.csproj", "{F14D621C-387E-4CC5-9984-A5DD13EEA5E3}"
EndProject
Global
	GlobalSection(SolutionConfigurationPlatforms) = preSolution
		Debug|Any CPU = Debug|Any CPU
		Debug|x64 = Debug|x64
		Debug|x86 = Debug|x86
		Release|Any CPU = Release|Any CPU
		Release|x64 = Release|x64
		Release|x86 = Release|x86
	EndGlobalSection
	GlobalSection(ProjectConfigurationPlatforms) = postSolution
		{FF6C44C1-C601-4FB8-8460-AA3D8F2BB5BA}.Debug|Any CPU.ActiveCfg = Debug|Any CPU
		{FF6C44C1-C601-4FB8-8460-AA3D8F2BB5BA}.Debug|Any CPU.Build.0 = Debug|Any CPU
		{FF6C44C1-C601-4FB8-8460-AA3D8F2BB5BA}.Debug|x64.ActiveCfg = Debug|Any CPU
		{FF6C44C1-C601-4FB8-8460-AA3D8F2BB5BA}.Debug|x64.Build.0 = Debug|Any CPU
		{FF6C44C1-C601-4FB8-8460-AA3D8F2BB5BA}.Debug|x86.ActiveCfg = Debug|Any CPU
		{FF6C44C1-C601-4FB8-8460-AA3D8F2BB5BA}.Debug|x86.Build.0 = Debug|Any CPU
		{FF6C44C1-C601-4FB8-8460-AA3D8F2BB5BA}.Release|Any CPU.ActiveCfg = Release|Any CPU
		{FF6C44C1-C601-4FB8-8460-AA3D8F2BB5BA}.Release|Any CPU.Build.0 = Release|Any CPU
		{FF6C44C1-C601-4FB8-8460-AA3D8F2BB5BA}.Release|x64.ActiveCfg = Release|Any CPU
		{FF6C44C1-C601-4FB8-8460-AA3D8F2BB5BA}.Release|x64.Build.0 = Release|Any CPU
		{FF6C44C1-C601-4FB8-8460-AA3D8F2BB5BA}.Release|x86.ActiveCfg = Release|Any CPU
		{FF6C44C1-C601-4FB8-8460-AA3D8F2BB5BA}.Release|x86.Build.0 = Release|Any CPU
		{73AD43F8-5325-45E3-888D-DA41C4948376}.Debug|Any CPU.ActiveCfg = Debug|Any CPU
		{73AD43F8-5325-45E3-888D-DA41C4948376}.Debug|Any CPU.Build.0 = Debug|Any CPU
		{73AD43F8-5325-45E3-888D-DA41C4948376}.Debug|x64.ActiveCfg = Debug|Any CPU
		{73AD43F8-5325-45E3-888D-DA41C4948376}.Debug|x64.Build.0 = Debug|Any CPU
		{73AD43F8-5325-45E3-888D-DA41C4948376}.Debug|x86.ActiveCfg = Debug|Any CPU
		{73AD43F8-5325-45E3-888D-DA41C4948376}.Debug|x86.Build.0 = Debug|Any CPU
		{73AD43F8-5325-45E3-888D-DA41C4948376}.Release|Any CPU.ActiveCfg = Release|Any CPU
		{73AD43F8-5325-45E3-888D-DA41C4948376}.Release|Any CPU.Build.0 = Release|Any CPU
		{73AD43F8-5325-45E3-888D-DA41C4948376}.Release|x64.ActiveCfg = Release|Any CPU
		{73AD43F8-5325-45E3-888D-DA41C4948376}.Release|x64.Build.0 = Release|Any CPU
		{73AD43F8-5325-45E3-888D-DA41C4948376}.Release|x86.ActiveCfg = Release|Any CPU
		{73AD43F8-5325-45E3-888D-DA41C4948376}.Release|x86.Build.0 = Release|Any CPU
		{7BFA1243-5677-44E1-B93A-B7079C3CD11E}.Debug|Any CPU.ActiveCfg = Debug|Any CPU
		{7BFA1243-5677-44E1-B93A-B7079C3CD11E}.Debug|Any CPU.Build.0 = Debug|Any CPU
		{7BFA1243-5677-44E1-B93A-B7079C3CD11E}.Debug|x64.ActiveCfg = Debug|Any CPU
		{7BFA1243-5677-44E1-B93A-B7079C3CD11E}.Debug|x64.Build.0 = Debug|Any CPU
		{7BFA1243-5677-44E1-B93A-B7079C3CD11E}.Debug|x86.ActiveCfg = Debug|Any CPU
		{7BFA1243-5677-44E1-B93A-B7079C3CD11E}.Debug|x86.Build.0 = Debug|Any CPU
		{7BFA1243-5677-44E1-B93A-B7079C3CD11E}.Release|Any CPU.ActiveCfg = Release|Any CPU
		{7BFA1243-5677-44E1-B93A-B7079C3CD11E}.Release|Any CPU.Build.0 = Release|Any CPU
		{7BFA1243-5677-44E1-B93A-B7079C3CD11E}.Release|x64.ActiveCfg = Release|Any CPU
		{7BFA1243-5677-44E1-B93A-B7079C3CD11E}.Release|x64.Build.0 = Release|Any CPU
		{7BFA1243-5677-44E1-B93A-B7079C3CD11E}.Release|x86.ActiveCfg = Release|Any CPU
		{7BFA1243-5677-44E1-B93A-B7079C3CD11E}.Release|x86.Build.0 = Release|Any CPU
		{916FACFE-830F-4906-B989-9AF8726F9628}.Debug|Any CPU.ActiveCfg = Debug|Any CPU
		{916FACFE-830F-4906-B989-9AF8726F9628}.Debug|Any CPU.Build.0 = Debug|Any CPU
		{916FACFE-830F-4906-B989-9AF8726F9628}.Debug|x64.ActiveCfg = Debug|Any CPU
		{916FACFE-830F-4906-B989-9AF8726F9628}.Debug|x64.Build.0 = Debug|Any CPU
		{916FACFE-830F-4906-B989-9AF8726F9628}.Debug|x86.ActiveCfg = Debug|Any CPU
		{916FACFE-830F-4906-B989-9AF8726F9628}.Debug|x86.Build.0 = Debug|Any CPU
		{916FACFE-830F-4906-B989-9AF8726F9628}.Release|Any CPU.ActiveCfg = Release|Any CPU
		{916FACFE-830F-4906-B989-9AF8726F9628}.Release|Any CPU.Build.0 = Release|Any CPU
		{916FACFE-830F-4906-B989-9AF8726F9628}.Release|x64.ActiveCfg = Release|Any CPU
		{916FACFE-830F-4906-B989-9AF8726F9628}.Release|x64.Build.0 = Release|Any CPU
		{916FACFE-830F-4906-B989-9AF8726F9628}.Release|x86.ActiveCfg = Release|Any CPU
		{916FACFE-830F-4906-B989-9AF8726F9628}.Release|x86.Build.0 = Release|Any CPU
		{B86AD5C7-B142-4802-BF81-50C732849B39}.Debug|Any CPU.ActiveCfg = Debug|Any CPU
		{B86AD5C7-B142-4802-BF81-50C732849B39}.Debug|Any CPU.Build.0 = Debug|Any CPU
		{B86AD5C7-B142-4802-BF81-50C732849B39}.Debug|x64.ActiveCfg = Debug|Any CPU
		{B86AD5C7-B142-4802-BF81-50C732849B39}.Debug|x64.Build.0 = Debug|Any CPU
		{B86AD5C7-B142-4802-BF81-50C732849B39}.Debug|x86.ActiveCfg = Debug|Any CPU
		{B86AD5C7-B142-4802-BF81-50C732849B39}.Debug|x86.Build.0 = Debug|Any CPU
		{B86AD5C7-B142-4802-BF81-50C732849B39}.Release|Any CPU.ActiveCfg = Release|Any CPU
		{B86AD5C7-B142-4802-BF81-50C732849B39}.Release|Any CPU.Build.0 = Release|Any CPU
		{B86AD5C7-B142-4802-BF81-50C732849B39}.Release|x64.ActiveCfg = Release|Any CPU
		{B86AD5C7-B142-4802-BF81-50C732849B39}.Release|x64.Build.0 = Release|Any CPU
		{B86AD5C7-B142-4802-BF81-50C732849B39}.Release|x86.ActiveCfg = Release|Any CPU
		{B86AD5C7-B142-4802-BF81-50C732849B39}.Release|x86.Build.0 = Release|Any CPU
		{3C764A7A-4052-4C7B-A11B-BFF63163BD10}.Debug|Any CPU.ActiveCfg = Debug|Any CPU
		{3C764A7A-4052-4C7B-A11B-BFF63163BD10}.Debug|Any CPU.Build.0 = Debug|Any CPU
		{3C764A7A-4052-4C7B-A11B-BFF63163BD10}.Debug|x64.ActiveCfg = Debug|Any CPU
		{3C764A7A-4052-4C7B-A11B-BFF63163BD10}.Debug|x64.Build.0 = Debug|Any CPU
		{3C764A7A-4052-4C7B-A11B-BFF63163BD10}.Debug|x86.ActiveCfg = Debug|Any CPU
		{3C764A7A-4052-4C7B-A11B-BFF63163BD10}.Debug|x86.Build.0 = Debug|Any CPU
		{3C764A7A-4052-4C7B-A11B-BFF63163BD10}.Release|Any CPU.ActiveCfg = Release|Any CPU
		{3C764A7A-4052-4C7B-A11B-BFF63163BD10}.Release|Any CPU.Build.0 = Release|Any CPU
		{3C764A7A-4052-4C7B-A11B-BFF63163BD10}.Release|x64.ActiveCfg = Release|Any CPU
		{3C764A7A-4052-4C7B-A11B-BFF63163BD10}.Release|x64.Build.0 = Release|Any CPU
		{3C764A7A-4052-4C7B-A11B-BFF63163BD10}.Release|x86.ActiveCfg = Release|Any CPU
		{3C764A7A-4052-4C7B-A11B-BFF63163BD10}.Release|x86.Build.0 = Release|Any CPU
		{5F4C2E35-4C3F-489A-881A-A55B07DD176C}.Debug|Any CPU.ActiveCfg = Debug|Any CPU
		{5F4C2E35-4C3F-489A-881A-A55B07DD176C}.Debug|Any CPU.Build.0 = Debug|Any CPU
		{5F4C2E35-4C3F-489A-881A-A55B07DD176C}.Debug|x64.ActiveCfg = Debug|Any CPU
		{5F4C2E35-4C3F-489A-881A-A55B07DD176C}.Debug|x64.Build.0 = Debug|Any CPU
		{5F4C2E35-4C3F-489A-881A-A55B07DD176C}.Debug|x86.ActiveCfg = Debug|Any CPU
		{5F4C2E35-4C3F-489A-881A-A55B07DD176C}.Debug|x86.Build.0 = Debug|Any CPU
		{5F4C2E35-4C3F-489A-881A-A55B07DD176C}.Release|Any CPU.ActiveCfg = Release|Any CPU
		{5F4C2E35-4C3F-489A-881A-A55B07DD176C}.Release|Any CPU.Build.0 = Release|Any CPU
		{5F4C2E35-4C3F-489A-881A-A55B07DD176C}.Release|x64.ActiveCfg = Release|Any CPU
		{5F4C2E35-4C3F-489A-881A-A55B07DD176C}.Release|x64.Build.0 = Release|Any CPU
		{5F4C2E35-4C3F-489A-881A-A55B07DD176C}.Release|x86.ActiveCfg = Release|Any CPU
		{5F4C2E35-4C3F-489A-881A-A55B07DD176C}.Release|x86.Build.0 = Release|Any CPU
		{6781B005-0697-4AFD-9AC5-FADFFA65E5CB}.Debug|Any CPU.ActiveCfg = Debug|Any CPU
		{6781B005-0697-4AFD-9AC5-FADFFA65E5CB}.Debug|Any CPU.Build.0 = Debug|Any CPU
		{6781B005-0697-4AFD-9AC5-FADFFA65E5CB}.Debug|x64.ActiveCfg = Debug|Any CPU
		{6781B005-0697-4AFD-9AC5-FADFFA65E5CB}.Debug|x64.Build.0 = Debug|Any CPU
		{6781B005-0697-4AFD-9AC5-FADFFA65E5CB}.Debug|x86.ActiveCfg = Debug|Any CPU
		{6781B005-0697-4AFD-9AC5-FADFFA65E5CB}.Debug|x86.Build.0 = Debug|Any CPU
		{6781B005-0697-4AFD-9AC5-FADFFA65E5CB}.Release|Any CPU.ActiveCfg = Release|Any CPU
		{6781B005-0697-4AFD-9AC5-FADFFA65E5CB}.Release|Any CPU.Build.0 = Release|Any CPU
		{6781B005-0697-4AFD-9AC5-FADFFA65E5CB}.Release|x64.ActiveCfg = Release|Any CPU
		{6781B005-0697-4AFD-9AC5-FADFFA65E5CB}.Release|x64.Build.0 = Release|Any CPU
		{6781B005-0697-4AFD-9AC5-FADFFA65E5CB}.Release|x86.ActiveCfg = Release|Any CPU
		{6781B005-0697-4AFD-9AC5-FADFFA65E5CB}.Release|x86.Build.0 = Release|Any CPU
		{68EA358C-B8C2-4F50-867C-C4233065589C}.Debug|Any CPU.ActiveCfg = Debug|Any CPU
		{68EA358C-B8C2-4F50-867C-C4233065589C}.Debug|Any CPU.Build.0 = Debug|Any CPU
		{68EA358C-B8C2-4F50-867C-C4233065589C}.Debug|x64.ActiveCfg = Debug|Any CPU
		{68EA358C-B8C2-4F50-867C-C4233065589C}.Debug|x64.Build.0 = Debug|Any CPU
		{68EA358C-B8C2-4F50-867C-C4233065589C}.Debug|x86.ActiveCfg = Debug|Any CPU
		{68EA358C-B8C2-4F50-867C-C4233065589C}.Debug|x86.Build.0 = Debug|Any CPU
		{68EA358C-B8C2-4F50-867C-C4233065589C}.Release|Any CPU.ActiveCfg = Release|Any CPU
		{68EA358C-B8C2-4F50-867C-C4233065589C}.Release|Any CPU.Build.0 = Release|Any CPU
		{68EA358C-B8C2-4F50-867C-C4233065589C}.Release|x64.ActiveCfg = Release|Any CPU
		{68EA358C-B8C2-4F50-867C-C4233065589C}.Release|x64.Build.0 = Release|Any CPU
		{68EA358C-B8C2-4F50-867C-C4233065589C}.Release|x86.ActiveCfg = Release|Any CPU
		{68EA358C-B8C2-4F50-867C-C4233065589C}.Release|x86.Build.0 = Release|Any CPU
		{BCE72F83-78A8-4E3F-873B-DF30F8C2E3F0}.Debug|Any CPU.ActiveCfg = Debug|Any CPU
		{BCE72F83-78A8-4E3F-873B-DF30F8C2E3F0}.Debug|Any CPU.Build.0 = Debug|Any CPU
		{BCE72F83-78A8-4E3F-873B-DF30F8C2E3F0}.Debug|x64.ActiveCfg = Debug|Any CPU
		{BCE72F83-78A8-4E3F-873B-DF30F8C2E3F0}.Debug|x64.Build.0 = Debug|Any CPU
		{BCE72F83-78A8-4E3F-873B-DF30F8C2E3F0}.Debug|x86.ActiveCfg = Debug|Any CPU
		{BCE72F83-78A8-4E3F-873B-DF30F8C2E3F0}.Debug|x86.Build.0 = Debug|Any CPU
		{BCE72F83-78A8-4E3F-873B-DF30F8C2E3F0}.Release|Any CPU.ActiveCfg = Release|Any CPU
		{BCE72F83-78A8-4E3F-873B-DF30F8C2E3F0}.Release|Any CPU.Build.0 = Release|Any CPU
		{BCE72F83-78A8-4E3F-873B-DF30F8C2E3F0}.Release|x64.ActiveCfg = Release|Any CPU
		{BCE72F83-78A8-4E3F-873B-DF30F8C2E3F0}.Release|x64.Build.0 = Release|Any CPU
		{BCE72F83-78A8-4E3F-873B-DF30F8C2E3F0}.Release|x86.ActiveCfg = Release|Any CPU
		{BCE72F83-78A8-4E3F-873B-DF30F8C2E3F0}.Release|x86.Build.0 = Release|Any CPU
		{F14D621C-387E-4CC5-9984-A5DD13EEA5E3}.Debug|Any CPU.ActiveCfg = Debug|Any CPU
		{F14D621C-387E-4CC5-9984-A5DD13EEA5E3}.Debug|Any CPU.Build.0 = Debug|Any CPU
		{F14D621C-387E-4CC5-9984-A5DD13EEA5E3}.Debug|x64.ActiveCfg = Debug|Any CPU
		{F14D621C-387E-4CC5-9984-A5DD13EEA5E3}.Debug|x64.Build.0 = Debug|Any CPU
		{F14D621C-387E-4CC5-9984-A5DD13EEA5E3}.Debug|x86.ActiveCfg = Debug|Any CPU
		{F14D621C-387E-4CC5-9984-A5DD13EEA5E3}.Debug|x86.Build.0 = Debug|Any CPU
		{F14D621C-387E-4CC5-9984-A5DD13EEA5E3}.Release|Any CPU.ActiveCfg = Release|Any CPU
		{F14D621C-387E-4CC5-9984-A5DD13EEA5E3}.Release|Any CPU.Build.0 = Release|Any CPU
		{F14D621C-387E-4CC5-9984-A5DD13EEA5E3}.Release|x64.ActiveCfg = Release|Any CPU
		{F14D621C-387E-4CC5-9984-A5DD13EEA5E3}.Release|x64.Build.0 = Release|Any CPU
		{F14D621C-387E-4CC5-9984-A5DD13EEA5E3}.Release|x86.ActiveCfg = Release|Any CPU
		{F14D621C-387E-4CC5-9984-A5DD13EEA5E3}.Release|x86.Build.0 = Release|Any CPU
	EndGlobalSection
	GlobalSection(SolutionProperties) = preSolution
		HideSolutionNode = FALSE
	EndGlobalSection
	GlobalSection(NestedProjects) = preSolution
		{E150F97D-CEF4-45EB-B897-2569FC7B3E8B} = {5D20AA90-6969-D8BD-9DCD-8634F4692FDA}
		{E7F01061-DA93-BD1C-C5F2-986EBC2FA107} = {E150F97D-CEF4-45EB-B897-2569FC7B3E8B}
		{73AD43F8-5325-45E3-888D-DA41C4948376} = {E7F01061-DA93-BD1C-C5F2-986EBC2FA107}
		{99A674ED-B709-129A-A4BB-924EB5525921} = {E150F97D-CEF4-45EB-B897-2569FC7B3E8B}
		{7BFA1243-5677-44E1-B93A-B7079C3CD11E} = {99A674ED-B709-129A-A4BB-924EB5525921}
		{F9660B7A-26B1-A264-4F66-CA222174CD8E} = {E150F97D-CEF4-45EB-B897-2569FC7B3E8B}
		{916FACFE-830F-4906-B989-9AF8726F9628} = {F9660B7A-26B1-A264-4F66-CA222174CD8E}
		{B9DAD010-7730-AF05-FFF2-7233D6904BD2} = {5D20AA90-6969-D8BD-9DCD-8634F4692FDA}
		{8AC1FD68-2F10-580A-06BE-26BA05B87C89} = {B9DAD010-7730-AF05-FFF2-7233D6904BD2}
		{B86AD5C7-B142-4802-BF81-50C732849B39} = {8AC1FD68-2F10-580A-06BE-26BA05B87C89}
		{C459FD03-9797-A83A-B83F-BFE06E974173} = {5D20AA90-6969-D8BD-9DCD-8634F4692FDA}
		{CA2071D7-B4BC-6493-6128-CACAFACF7D5B} = {C459FD03-9797-A83A-B83F-BFE06E974173}
		{3C764A7A-4052-4C7B-A11B-BFF63163BD10} = {CA2071D7-B4BC-6493-6128-CACAFACF7D5B}
		{FA9FE371-DC0E-AC2F-1DF1-8428B083E4DF} = {E150F97D-CEF4-45EB-B897-2569FC7B3E8B}
		{5F4C2E35-4C3F-489A-881A-A55B07DD176C} = {FA9FE371-DC0E-AC2F-1DF1-8428B083E4DF}
		{0AF2689E-C335-9794-E5AE-BEF7CF49BB48} = {E150F97D-CEF4-45EB-B897-2569FC7B3E8B}
		{6781B005-0697-4AFD-9AC5-FADFFA65E5CB} = {0AF2689E-C335-9794-E5AE-BEF7CF49BB48}
		{BD84ECC9-462D-3A03-8A7A-3691278C32CD} = {5D20AA90-6969-D8BD-9DCD-8634F4692FDA}
		{71F14496-D67D-C305-A550-BDBDD5AF2F00} = {BD84ECC9-462D-3A03-8A7A-3691278C32CD}
		{580B8445-3242-6103-839B-73066BC5285B} = {71F14496-D67D-C305-A550-BDBDD5AF2F00}
		{68EA358C-B8C2-4F50-867C-C4233065589C} = {580B8445-3242-6103-839B-73066BC5285B}
		{8D36CE69-9873-4C93-86AE-0E35748F26F2} = {BD84ECC9-462D-3A03-8A7A-3691278C32CD}
		{BCE72F83-78A8-4E3F-873B-DF30F8C2E3F0} = {8D36CE69-9873-4C93-86AE-0E35748F26F2}
		{A65A7627-9189-5C96-F8E9-68D52441E9F7} = {E150F97D-CEF4-45EB-B897-2569FC7B3E8B}
		{1227B321-1418-BDAC-20B4-28FD6C3F8EE7} = {A65A7627-9189-5C96-F8E9-68D52441E9F7}
		{F14D621C-387E-4CC5-9984-A5DD13EEA5E3} = {1227B321-1418-BDAC-20B4-28FD6C3F8EE7}
	EndGlobalSection
EndGlobal
